PODS:
  - Alamofire (4.4.0)
  - Inkwell (1.0.0):
    - Alamofire (~> 4.4.0)

DEPENDENCIES:
  - Inkwell (from `../`)

EXTERNAL SOURCES:
  Inkwell:
    :path: "../"

SPEC CHECKSUMS:
  Alamofire: dc44b1600b800eb63da6a19039a0083d62a6a62d
  Inkwell: aeb54a95800a0053c806abef4eccdcdbda43c21e

PODFILE CHECKSUM: f00b262621b0de7d20789563810efb8daa4aec2d

COCOAPODS: 1.2.0
