PODS:
  - Alamofire (4.3.0)
  - Inkwell (1.2.1):
    - Alamofire (~> 4.3.0)

DEPENDENCIES:
  - Inkwell (from `../`)

EXTERNAL SOURCES:
  Inkwell:
    :path: "../"

SPEC CHECKSUMS:
  Alamofire: 856a113053a7bc9cbe5d6367a555d773fc5cfef7
  Inkwell: 2e99b7bd4a0964bbc734d860fd6215daa3dc0dd3

PODFILE CHECKSUM: 44deffad5fd16cd63e25c367cd7ac75c9b3b5f07

COCOAPODS: 1.2.1
